
Microsoft Visual Studio Solution File, Format Version 12.00
# Visual Studio 15
VisualStudioVersion = 15.0.27428.2037
MinimumVisualStudioVersion = 10.0.40219.1
Project("{FAE04EC0-301F-11D3-BF4B-00C04F79EFBC}") = "TheDungeonsOfThay", "TheDungeonsOfThay\TheDungeonsOfThay.csproj", "{8778A96D-66A7-41FE-99DC-AE415BEEFCCA}"
EndProject
Global
	GlobalSection(SolutionConfigurationPlatforms) = preSolution
		Debug|Any CPU = Debug|Any CPU
		Release|Any CPU = Release|Any CPU
	EndGlobalSection
	GlobalSection(ProjectConfigurationPlatforms) = postSolution
		{8778A96D-66A7-41FE-99DC-AE415BEEFCCA}.Debug|Any CPU.ActiveCfg = Debug|Any CPU
		{8778A96D-66A7-41FE-99DC-AE415BEEFCCA}.Debug|Any CPU.Build.0 = Debug|Any CPU
		{8778A96D-66A7-41FE-99DC-AE415BEEFCCA}.Release|Any CPU.ActiveCfg = Release|Any CPU
		{8778A96D-66A7-41FE-99DC-AE415BEEFCCA}.Release|Any CPU.Build.0 = Release|Any CPU
	EndGlobalSection
	GlobalSection(SolutionProperties) = preSolution
		HideSolutionNode = FALSE
	EndGlobalSection
	GlobalSection(ExtensibilityGlobals) = postSolution
		SolutionGuid = {C2B3CA3F-D2EF-49B6-BC22-2EB6BB6FD5DD}
	EndGlobalSection
EndGlobal
